{
  "name": "comparelists",
  "version": "1.0.0",
  "lockfileVersion": 3,
  "requires": true,
  "packages": {
    "": {
      "name": "comparelists",
      "version": "1.0.0",
      "license": "ISC",
      "dependencies": {
        "graphql": "^16.14.1"
      }
    },
    "node_modules/graphql": {
      "version": "16.14.1",
      "resolved": "https://registry.npmjs.org/graphql/-/graphql-16.14.1.tgz",
      "integrity": "sha512-cQOsSMS/IrDz82PVyRDvf/Q1F/bRbBVjJlh+xYOkI1qw2bWRvWGiWc+m2O0d6l4Bt1fyY+8kzJ8JFWGJqNeDBg==",
      "license": "MIT",
      "engines": {
        "node": "^12.22.0 || ^14.16.0 || ^16.0.0 || >=17.0.0"
      }
    }
  }
}
